
Microsoft Visual Studio Solution File, Format Version 12.00
# Visual Studio Version 16
VisualStudioVersion = 16.0.30611.23
MinimumVisualStudioVersion = 10.0.40219.1
Project("{FAE04EC0-301F-11D3-BF4B-00C04F79EFBC}") = "WeatherForecastJwt.Api", "WeatherForecastJwt.Api\WeatherForecastJwt.Api.csproj", "{02E6EADB-51E8-4F3B-AC02-9F7C64056C3E}"
EndProject
Global
	GlobalSection(SolutionConfigurationPlatforms) = preSolution
		Debug|Any CPU = Debug|Any CPU
		Release|Any CPU = Release|Any CPU
	EndGlobalSection
	GlobalSection(ProjectConfigurationPlatforms) = postSolution
		{02E6EADB-51E8-4F3B-AC02-9F7C64056C3E}.Debug|Any CPU.ActiveCfg = Debug|Any CPU
		{02E6EADB-51E8-4F3B-AC02-9F7C64056C3E}.Debug|Any CPU.Build.0 = Debug|Any CPU
		{02E6EADB-51E8-4F3B-AC02-9F7C64056C3E}.Release|Any CPU.ActiveCfg = Release|Any CPU
		{02E6EADB-51E8-4F3B-AC02-9F7C64056C3E}.Release|Any CPU.Build.0 = Release|Any CPU
	EndGlobalSection
	GlobalSection(SolutionProperties) = preSolution
		HideSolutionNode = FALSE
	EndGlobalSection
	GlobalSection(ExtensibilityGlobals) = postSolution
		SolutionGuid = {6E045487-24FE-4227-AB83-C0DB90F90841}
	EndGlobalSection
EndGlobal
